
Microsoft Visual Studio Solution File, Format Version 12.00
# Visual Studio 15
VisualStudioVersion = 15.0.28010.2048
MinimumVisualStudioVersion = 10.0.40219.1
Project("{9A19103F-16F7-4668-BE54-9A1E7A4F7556}") = "AcceptanceTest", "AcceptanceTest\AcceptanceTest.csproj", "{149ACA25-239C-4FAF-88FC-A5A15F0AD4BA}"
EndProject
Project("{9A19103F-16F7-4668-BE54-9A1E7A4F7556}") = "WebApi", "WebApi\WebApi.csproj", "{8B2F1614-46C7-4FD3-9EF8-03E894664B0E}"
EndProject
Project("{9A19103F-16F7-4668-BE54-9A1E7A4F7556}") = "HomesEngland", "HomesEngland\HomesEngland.csproj", "{8B5878A5-1835-48C8-B827-69811348138E}"
EndProject
Project("{9A19103F-16F7-4668-BE54-9A1E7A4F7556}") = "HomesEnglandTest", "HomesEnglandTest\HomesEnglandTest.csproj", "{36DF8E60-9E27-4F71-B97A-E9CE6D09E5E2}"
EndProject
Project("{9A19103F-16F7-4668-BE54-9A1E7A4F7556}") = "WebApiTest", "WebApiTest\WebApiTest.csproj", "{E76B2898-BAEB-40F7-BD51-FAE08D05E5EF}"
EndProject
Project("{9A19103F-16F7-4668-BE54-9A1E7A4F7556}") = "Infrastructure", "Infrastructure\Infrastructure.csproj", "{7C335B53-3F11-4A44-A97A-4C289BEAB480}"
EndProject
Project("{9A19103F-16F7-4668-BE54-9A1E7A4F7556}") = "InfrastructureTest", "InfrastructureTest\InfrastructureTest.csproj", "{68EEC29F-C715-48BB-BAD3-77EDA64BC754}"
EndProject
Project("{9A19103F-16F7-4668-BE54-9A1E7A4F7556}") = "DependencyInjection", "DependencyInjection\DependencyInjection.csproj", "{9B374537-3FDA-45F9-99B8-B0086066BF40}"
EndProject
Project("{9A19103F-16F7-4668-BE54-9A1E7A4F7556}") = "TestHelper", "TestHelper\TestHelper.csproj", "{0BC59FBB-CDF4-4495-B94A-05908826FF81}"
EndProject
Project("{9A19103F-16F7-4668-BE54-9A1E7A4F7556}") = "HomesEngland.Gateway", "HomesEngland.Gateway\HomesEngland.Gateway.csproj", "{03F52826-5015-4DC6-A4E5-D4466B67D306}"
EndProject
Project("{9A19103F-16F7-4668-BE54-9A1E7A4F7556}") = "Main", "Main\Main.csproj", "{B0DA0F9B-5CD0-439C-AC1F-46B5AD189248}"
EndProject
Project("{9A19103F-16F7-4668-BE54-9A1E7A4F7556}") = "HomesEngland.Gateway.Test", "HomesEngland.Gateway.Test\HomesEngland.Gateway.Test.csproj", "{FF6D3FBA-2709-4B3A-BE0B-1B9C9D3920EC}"
EndProject
Project("{9A19103F-16F7-4668-BE54-9A1E7A4F7556}") = "HomesEngland.Gateway.DataGenerator", "HomesEngland.Gateway.DataGenerator\HomesEngland.Gateway.DataGenerator.csproj", "{EC933935-9647-48BB-BE82-A9F7AB020A07}"
EndProject
Project("{2150E333-8FDC-42A3-9474-1A3956D46DE8}") = "Console Apps", "Console Apps", "{B8854EC7-6476-42D1-B202-D6898E3EB792}"
EndProject
Project("{FAE04EC0-301F-11D3-BF4B-00C04F79EFBC}") = "HomesEngland.AssetImporter", "HomesEngland.AssetImporter\HomesEngland.AssetImporter.csproj", "{2E40DB0C-7B2C-4A27-940A-7437F549B9BB}"
EndProject
Global
	GlobalSection(SolutionConfigurationPlatforms) = preSolution
		Debug|Any CPU = Debug|Any CPU
		Release|Any CPU = Release|Any CPU
	EndGlobalSection
	GlobalSection(ProjectConfigurationPlatforms) = postSolution
		{149ACA25-239C-4FAF-88FC-A5A15F0AD4BA}.Debug|Any CPU.ActiveCfg = Debug|Any CPU
		{149ACA25-239C-4FAF-88FC-A5A15F0AD4BA}.Debug|Any CPU.Build.0 = Debug|Any CPU
		{149ACA25-239C-4FAF-88FC-A5A15F0AD4BA}.Release|Any CPU.ActiveCfg = Release|Any CPU
		{149ACA25-239C-4FAF-88FC-A5A15F0AD4BA}.Release|Any CPU.Build.0 = Release|Any CPU
		{8B2F1614-46C7-4FD3-9EF8-03E894664B0E}.Debug|Any CPU.ActiveCfg = Debug|Any CPU
		{8B2F1614-46C7-4FD3-9EF8-03E894664B0E}.Debug|Any CPU.Build.0 = Debug|Any CPU
		{8B2F1614-46C7-4FD3-9EF8-03E894664B0E}.Release|Any CPU.ActiveCfg = Release|Any CPU
		{8B2F1614-46C7-4FD3-9EF8-03E894664B0E}.Release|Any CPU.Build.0 = Release|Any CPU
		{8B5878A5-1835-48C8-B827-69811348138E}.Debug|Any CPU.ActiveCfg = Debug|Any CPU
		{8B5878A5-1835-48C8-B827-69811348138E}.Debug|Any CPU.Build.0 = Debug|Any CPU
		{8B5878A5-1835-48C8-B827-69811348138E}.Release|Any CPU.ActiveCfg = Release|Any CPU
		{8B5878A5-1835-48C8-B827-69811348138E}.Release|Any CPU.Build.0 = Release|Any CPU
		{36DF8E60-9E27-4F71-B97A-E9CE6D09E5E2}.Debug|Any CPU.ActiveCfg = Debug|Any CPU
		{36DF8E60-9E27-4F71-B97A-E9CE6D09E5E2}.Debug|Any CPU.Build.0 = Debug|Any CPU
		{36DF8E60-9E27-4F71-B97A-E9CE6D09E5E2}.Release|Any CPU.ActiveCfg = Release|Any CPU
		{36DF8E60-9E27-4F71-B97A-E9CE6D09E5E2}.Release|Any CPU.Build.0 = Release|Any CPU
		{E76B2898-BAEB-40F7-BD51-FAE08D05E5EF}.Debug|Any CPU.ActiveCfg = Debug|Any CPU
		{E76B2898-BAEB-40F7-BD51-FAE08D05E5EF}.Debug|Any CPU.Build.0 = Debug|Any CPU
		{E76B2898-BAEB-40F7-BD51-FAE08D05E5EF}.Release|Any CPU.ActiveCfg = Release|Any CPU
		{E76B2898-BAEB-40F7-BD51-FAE08D05E5EF}.Release|Any CPU.Build.0 = Release|Any CPU
		{7C335B53-3F11-4A44-A97A-4C289BEAB480}.Debug|Any CPU.ActiveCfg = Debug|Any CPU
		{7C335B53-3F11-4A44-A97A-4C289BEAB480}.Debug|Any CPU.Build.0 = Debug|Any CPU
		{7C335B53-3F11-4A44-A97A-4C289BEAB480}.Release|Any CPU.ActiveCfg = Release|Any CPU
		{7C335B53-3F11-4A44-A97A-4C289BEAB480}.Release|Any CPU.Build.0 = Release|Any CPU
		{68EEC29F-C715-48BB-BAD3-77EDA64BC754}.Debug|Any CPU.ActiveCfg = Debug|Any CPU
		{68EEC29F-C715-48BB-BAD3-77EDA64BC754}.Debug|Any CPU.Build.0 = Debug|Any CPU
		{68EEC29F-C715-48BB-BAD3-77EDA64BC754}.Release|Any CPU.ActiveCfg = Release|Any CPU
		{68EEC29F-C715-48BB-BAD3-77EDA64BC754}.Release|Any CPU.Build.0 = Release|Any CPU
		{9B374537-3FDA-45F9-99B8-B0086066BF40}.Debug|Any CPU.ActiveCfg = Debug|Any CPU
		{9B374537-3FDA-45F9-99B8-B0086066BF40}.Debug|Any CPU.Build.0 = Debug|Any CPU
		{9B374537-3FDA-45F9-99B8-B0086066BF40}.Release|Any CPU.ActiveCfg = Release|Any CPU
		{9B374537-3FDA-45F9-99B8-B0086066BF40}.Release|Any CPU.Build.0 = Release|Any CPU
		{0BC59FBB-CDF4-4495-B94A-05908826FF81}.Debug|Any CPU.ActiveCfg = Debug|Any CPU
		{0BC59FBB-CDF4-4495-B94A-05908826FF81}.Debug|Any CPU.Build.0 = Debug|Any CPU
		{0BC59FBB-CDF4-4495-B94A-05908826FF81}.Release|Any CPU.ActiveCfg = Release|Any CPU
		{0BC59FBB-CDF4-4495-B94A-05908826FF81}.Release|Any CPU.Build.0 = Release|Any CPU
		{03F52826-5015-4DC6-A4E5-D4466B67D306}.Debug|Any CPU.ActiveCfg = Debug|Any CPU
		{03F52826-5015-4DC6-A4E5-D4466B67D306}.Debug|Any CPU.Build.0 = Debug|Any CPU
		{03F52826-5015-4DC6-A4E5-D4466B67D306}.Release|Any CPU.ActiveCfg = Release|Any CPU
		{03F52826-5015-4DC6-A4E5-D4466B67D306}.Release|Any CPU.Build.0 = Release|Any CPU
		{B0DA0F9B-5CD0-439C-AC1F-46B5AD189248}.Debug|Any CPU.ActiveCfg = Debug|Any CPU
		{B0DA0F9B-5CD0-439C-AC1F-46B5AD189248}.Debug|Any CPU.Build.0 = Debug|Any CPU
		{B0DA0F9B-5CD0-439C-AC1F-46B5AD189248}.Release|Any CPU.ActiveCfg = Release|Any CPU
		{B0DA0F9B-5CD0-439C-AC1F-46B5AD189248}.Release|Any CPU.Build.0 = Release|Any CPU
		{FF6D3FBA-2709-4B3A-BE0B-1B9C9D3920EC}.Debug|Any CPU.ActiveCfg = Debug|Any CPU
		{FF6D3FBA-2709-4B3A-BE0B-1B9C9D3920EC}.Debug|Any CPU.Build.0 = Debug|Any CPU
		{FF6D3FBA-2709-4B3A-BE0B-1B9C9D3920EC}.Release|Any CPU.ActiveCfg = Release|Any CPU
		{FF6D3FBA-2709-4B3A-BE0B-1B9C9D3920EC}.Release|Any CPU.Build.0 = Release|Any CPU
		{EC933935-9647-48BB-BE82-A9F7AB020A07}.Debug|Any CPU.ActiveCfg = Debug|Any CPU
		{EC933935-9647-48BB-BE82-A9F7AB020A07}.Debug|Any CPU.Build.0 = Debug|Any CPU
		{EC933935-9647-48BB-BE82-A9F7AB020A07}.Release|Any CPU.ActiveCfg = Release|Any CPU
		{EC933935-9647-48BB-BE82-A9F7AB020A07}.Release|Any CPU.Build.0 = Release|Any CPU
		{2E40DB0C-7B2C-4A27-940A-7437F549B9BB}.Debug|Any CPU.ActiveCfg = Debug|Any CPU
		{2E40DB0C-7B2C-4A27-940A-7437F549B9BB}.Debug|Any CPU.Build.0 = Debug|Any CPU
		{2E40DB0C-7B2C-4A27-940A-7437F549B9BB}.Release|Any CPU.ActiveCfg = Release|Any CPU
		{2E40DB0C-7B2C-4A27-940A-7437F549B9BB}.Release|Any CPU.Build.0 = Release|Any CPU
	EndGlobalSection
	GlobalSection(SolutionProperties) = preSolution
		HideSolutionNode = FALSE
	EndGlobalSection
	GlobalSection(NestedProjects) = preSolution
		{EC933935-9647-48BB-BE82-A9F7AB020A07} = {B8854EC7-6476-42D1-B202-D6898E3EB792}
		{2E40DB0C-7B2C-4A27-940A-7437F549B9BB} = {B8854EC7-6476-42D1-B202-D6898E3EB792}
	EndGlobalSection
	GlobalSection(ExtensibilityGlobals) = postSolution
		SolutionGuid = {EC044FC2-FF48-4CF0-B945-6EB49F1D9807}
	EndGlobalSection
EndGlobal
